
Microsoft Visual Studio Solution File, Format Version 12.00
# Visual Studio 2013
VisualStudioVersion = 12.0.21005.1
MinimumVisualStudioVersion = 10.0.40219.1
Project("{FAE04EC0-301F-11D3-BF4B-00C04F79EFBC}") = "TaoShui", "TaoShui\TaoShui.csproj", "{5C4F01AC-783C-4068-82BA-BC32BF6A9F4C}"
EndProject
Project("{FAE04EC0-301F-11D3-BF4B-00C04F79EFBC}") = "CaptchaRecogniser", "CaptchaRecogniser\CaptchaRecogniser.csproj", "{A49647C1-A474-4368-80A7-A59C7E1E5750}"
EndProject
Project("{FAE04EC0-301F-11D3-BF4B-00C04F79EFBC}") = "Utils", "Utils\Utils.csproj", "{B2A5C53D-D008-4AD1-89DB-7FFB0710AA74}"
EndProject
Project("{FAE04EC0-301F-11D3-BF4B-00C04F79EFBC}") = "WebSite", "WebSite\WebSite.csproj", "{165E7E15-B3A4-4530-9479-6DFE4E751C1C}"
EndProject
Project("{FAE04EC0-301F-11D3-BF4B-00C04F79EFBC}") = "DataGrabber", "DataGrabber\DataGrabber.csproj", "{9B96DDB2-ABEA-448D-AA07-C584597A7D86}"
EndProject
Project("{FAE04EC0-301F-11D3-BF4B-00C04F79EFBC}") = "WebSiteProcess", "WebSiteProcess\WebSiteProcess.csproj", "{A050ACC5-86BE-4E27-B7B3-9DE5D19B854F}"
EndProject
Project("{FAE04EC0-301F-11D3-BF4B-00C04F79EFBC}") = "Entity", "Entity\Entity.csproj", "{9556BEE1-8EB8-4088-B7A1-96963DE4CEAA}"
EndProject
Global
	GlobalSection(SolutionConfigurationPlatforms) = preSolution
		Debug|Any CPU = Debug|Any CPU
		Release|Any CPU = Release|Any CPU
	EndGlobalSection
	GlobalSection(ProjectConfigurationPlatforms) = postSolution
		{5C4F01AC-783C-4068-82BA-BC32BF6A9F4C}.Debug|Any CPU.ActiveCfg = Debug|Any CPU
		{5C4F01AC-783C-4068-82BA-BC32BF6A9F4C}.Debug|Any CPU.Build.0 = Debug|Any CPU
		{5C4F01AC-783C-4068-82BA-BC32BF6A9F4C}.Release|Any CPU.ActiveCfg = Release|Any CPU
		{5C4F01AC-783C-4068-82BA-BC32BF6A9F4C}.Release|Any CPU.Build.0 = Release|Any CPU
		{A49647C1-A474-4368-80A7-A59C7E1E5750}.Debug|Any CPU.ActiveCfg = Debug|Any CPU
		{A49647C1-A474-4368-80A7-A59C7E1E5750}.Debug|Any CPU.Build.0 = Debug|Any CPU
		{A49647C1-A474-4368-80A7-A59C7E1E5750}.Release|Any CPU.ActiveCfg = Release|Any CPU
		{A49647C1-A474-4368-80A7-A59C7E1E5750}.Release|Any CPU.Build.0 = Release|Any CPU
		{B2A5C53D-D008-4AD1-89DB-7FFB0710AA74}.Debug|Any CPU.ActiveCfg = Debug|Any CPU
		{B2A5C53D-D008-4AD1-89DB-7FFB0710AA74}.Debug|Any CPU.Build.0 = Debug|Any CPU
		{B2A5C53D-D008-4AD1-89DB-7FFB0710AA74}.Release|Any CPU.ActiveCfg = Release|Any CPU
		{B2A5C53D-D008-4AD1-89DB-7FFB0710AA74}.Release|Any CPU.Build.0 = Release|Any CPU
		{165E7E15-B3A4-4530-9479-6DFE4E751C1C}.Debug|Any CPU.ActiveCfg = Debug|Any CPU
		{165E7E15-B3A4-4530-9479-6DFE4E751C1C}.Debug|Any CPU.Build.0 = Debug|Any CPU
		{165E7E15-B3A4-4530-9479-6DFE4E751C1C}.Release|Any CPU.ActiveCfg = Release|Any CPU
		{165E7E15-B3A4-4530-9479-6DFE4E751C1C}.Release|Any CPU.Build.0 = Release|Any CPU
		{9B96DDB2-ABEA-448D-AA07-C584597A7D86}.Debug|Any CPU.ActiveCfg = Debug|Any CPU
		{9B96DDB2-ABEA-448D-AA07-C584597A7D86}.Debug|Any CPU.Build.0 = Debug|Any CPU
		{9B96DDB2-ABEA-448D-AA07-C584597A7D86}.Release|Any CPU.ActiveCfg = Release|Any CPU
		{9B96DDB2-ABEA-448D-AA07-C584597A7D86}.Release|Any CPU.Build.0 = Release|Any CPU
		{A050ACC5-86BE-4E27-B7B3-9DE5D19B854F}.Debug|Any CPU.ActiveCfg = Debug|Any CPU
		{A050ACC5-86BE-4E27-B7B3-9DE5D19B854F}.Debug|Any CPU.Build.0 = Debug|Any CPU
		{A050ACC5-86BE-4E27-B7B3-9DE5D19B854F}.Release|Any CPU.ActiveCfg = Release|Any CPU
		{A050ACC5-86BE-4E27-B7B3-9DE5D19B854F}.Release|Any CPU.Build.0 = Release|Any CPU
		{9556BEE1-8EB8-4088-B7A1-96963DE4CEAA}.Debug|Any CPU.ActiveCfg = Debug|Any CPU
		{9556BEE1-8EB8-4088-B7A1-96963DE4CEAA}.Debug|Any CPU.Build.0 = Debug|Any CPU
		{9556BEE1-8EB8-4088-B7A1-96963DE4CEAA}.Release|Any CPU.ActiveCfg = Release|Any CPU
		{9556BEE1-8EB8-4088-B7A1-96963DE4CEAA}.Release|Any CPU.Build.0 = Release|Any CPU
	EndGlobalSection
	GlobalSection(SolutionProperties) = preSolution
		HideSolutionNode = FALSE
	EndGlobalSection
EndGlobal
