
Microsoft Visual Studio Solution File, Format Version 12.00
# Visual Studio 2013
VisualStudioVersion = 12.0.21005.1
MinimumVisualStudioVersion = 10.0.40219.1
Project("{FAE04EC0-301F-11D3-BF4B-00C04F79EFBC}") = "CaptchaRecogniser", "CaptchaRecogniser\CaptchaRecogniser.csproj", "{A49647C1-A474-4368-80A7-A59C7E1E5750}"
EndProject
Project("{FAE04EC0-301F-11D3-BF4B-00C04F79EFBC}") = "Utils", "Utils\Utils.csproj", "{B2A5C53D-D008-4AD1-89DB-7FFB0710AA74}"
EndProject
Project("{FAE04EC0-301F-11D3-BF4B-00C04F79EFBC}") = "WebSite", "WebSite\WebSite.csproj", "{165E7E15-B3A4-4530-9479-6DFE4E751C1C}"
EndProject
Project("{FAE04EC0-301F-11D3-BF4B-00C04F79EFBC}") = "WebSiteProcess", "WebSiteProcess\WebSiteProcess.csproj", "{A050ACC5-86BE-4E27-B7B3-9DE5D19B854F}"
EndProject
Project("{FAE04EC0-301F-11D3-BF4B-00C04F79EFBC}") = "WcfService", "WcfService\WcfService.csproj", "{F1A19C39-0643-49E3-ABFB-5C71208B761D}"
EndProject
Project("{FAE04EC0-301F-11D3-BF4B-00C04F79EFBC}") = "TaoShui", "TaoShui\TaoShui.csproj", "{C101A02A-A302-43CA-AB8B-87EFCB4A4A72}"
EndProject
Project("{FAE04EC0-301F-11D3-BF4B-00C04F79EFBC}") = "Entity", "Entity\Entity.csproj", "{74F6A4C2-E508-4AA2-8993-CA7CC57F0562}"
EndProject
Project("{FAE04EC0-301F-11D3-BF4B-00C04F79EFBC}") = "Repository", "Repository\Repository.csproj", "{D8566BBE-2E67-40A9-B9F0-19AC81C1AD79}"
EndProject
Project("{FAE04EC0-301F-11D3-BF4B-00C04F79EFBC}") = "FontAwesome", "FontAwesome\FontAwesome.csproj", "{784B0AE1-D15C-4FD7-A9AE-799081D41323}"
EndProject
Project("{FAE04EC0-301F-11D3-BF4B-00C04F79EFBC}") = "CustomDrawing", "CustomDrawing\CustomDrawing.csproj", "{77609CE3-81F3-4B14-85BE-7E95B2BF1C0C}"
EndProject
Global
	GlobalSection(SolutionConfigurationPlatforms) = preSolution
		Debug|Any CPU = Debug|Any CPU
		Release|Any CPU = Release|Any CPU
	EndGlobalSection
	GlobalSection(ProjectConfigurationPlatforms) = postSolution
		{A49647C1-A474-4368-80A7-A59C7E1E5750}.Debug|Any CPU.ActiveCfg = Debug|Any CPU
		{A49647C1-A474-4368-80A7-A59C7E1E5750}.Debug|Any CPU.Build.0 = Debug|Any CPU
		{A49647C1-A474-4368-80A7-A59C7E1E5750}.Release|Any CPU.ActiveCfg = Release|Any CPU
		{A49647C1-A474-4368-80A7-A59C7E1E5750}.Release|Any CPU.Build.0 = Release|Any CPU
		{B2A5C53D-D008-4AD1-89DB-7FFB0710AA74}.Debug|Any CPU.ActiveCfg = Debug|Any CPU
		{B2A5C53D-D008-4AD1-89DB-7FFB0710AA74}.Debug|Any CPU.Build.0 = Debug|Any CPU
		{B2A5C53D-D008-4AD1-89DB-7FFB0710AA74}.Release|Any CPU.ActiveCfg = Release|Any CPU
		{B2A5C53D-D008-4AD1-89DB-7FFB0710AA74}.Release|Any CPU.Build.0 = Release|Any CPU
		{165E7E15-B3A4-4530-9479-6DFE4E751C1C}.Debug|Any CPU.ActiveCfg = Debug|Any CPU
		{165E7E15-B3A4-4530-9479-6DFE4E751C1C}.Debug|Any CPU.Build.0 = Debug|Any CPU
		{165E7E15-B3A4-4530-9479-6DFE4E751C1C}.Release|Any CPU.ActiveCfg = Release|Any CPU
		{165E7E15-B3A4-4530-9479-6DFE4E751C1C}.Release|Any CPU.Build.0 = Release|Any CPU
		{A050ACC5-86BE-4E27-B7B3-9DE5D19B854F}.Debug|Any CPU.ActiveCfg = Debug|Any CPU
		{A050ACC5-86BE-4E27-B7B3-9DE5D19B854F}.Debug|Any CPU.Build.0 = Debug|Any CPU
		{A050ACC5-86BE-4E27-B7B3-9DE5D19B854F}.Release|Any CPU.ActiveCfg = Release|Any CPU
		{A050ACC5-86BE-4E27-B7B3-9DE5D19B854F}.Release|Any CPU.Build.0 = Release|Any CPU
		{F1A19C39-0643-49E3-ABFB-5C71208B761D}.Debug|Any CPU.ActiveCfg = Debug|Any CPU
		{F1A19C39-0643-49E3-ABFB-5C71208B761D}.Debug|Any CPU.Build.0 = Debug|Any CPU
		{F1A19C39-0643-49E3-ABFB-5C71208B761D}.Release|Any CPU.ActiveCfg = Release|Any CPU
		{F1A19C39-0643-49E3-ABFB-5C71208B761D}.Release|Any CPU.Build.0 = Release|Any CPU
		{C101A02A-A302-43CA-AB8B-87EFCB4A4A72}.Debug|Any CPU.ActiveCfg = Debug|Any CPU
		{C101A02A-A302-43CA-AB8B-87EFCB4A4A72}.Debug|Any CPU.Build.0 = Debug|Any CPU
		{C101A02A-A302-43CA-AB8B-87EFCB4A4A72}.Release|Any CPU.ActiveCfg = Release|Any CPU
		{C101A02A-A302-43CA-AB8B-87EFCB4A4A72}.Release|Any CPU.Build.0 = Release|Any CPU
		{74F6A4C2-E508-4AA2-8993-CA7CC57F0562}.Debug|Any CPU.ActiveCfg = Debug|Any CPU
		{74F6A4C2-E508-4AA2-8993-CA7CC57F0562}.Debug|Any CPU.Build.0 = Debug|Any CPU
		{74F6A4C2-E508-4AA2-8993-CA7CC57F0562}.Release|Any CPU.ActiveCfg = Release|Any CPU
		{74F6A4C2-E508-4AA2-8993-CA7CC57F0562}.Release|Any CPU.Build.0 = Release|Any CPU
		{D8566BBE-2E67-40A9-B9F0-19AC81C1AD79}.Debug|Any CPU.ActiveCfg = Debug|Any CPU
		{D8566BBE-2E67-40A9-B9F0-19AC81C1AD79}.Debug|Any CPU.Build.0 = Debug|Any CPU
		{D8566BBE-2E67-40A9-B9F0-19AC81C1AD79}.Release|Any CPU.ActiveCfg = Release|Any CPU
		{D8566BBE-2E67-40A9-B9F0-19AC81C1AD79}.Release|Any CPU.Build.0 = Release|Any CPU
		{784B0AE1-D15C-4FD7-A9AE-799081D41323}.Debug|Any CPU.ActiveCfg = Debug|Any CPU
		{784B0AE1-D15C-4FD7-A9AE-799081D41323}.Debug|Any CPU.Build.0 = Debug|Any CPU
		{784B0AE1-D15C-4FD7-A9AE-799081D41323}.Release|Any CPU.ActiveCfg = Release|Any CPU
		{784B0AE1-D15C-4FD7-A9AE-799081D41323}.Release|Any CPU.Build.0 = Release|Any CPU
		{77609CE3-81F3-4B14-85BE-7E95B2BF1C0C}.Debug|Any CPU.ActiveCfg = Debug|Any CPU
		{77609CE3-81F3-4B14-85BE-7E95B2BF1C0C}.Debug|Any CPU.Build.0 = Debug|Any CPU
		{77609CE3-81F3-4B14-85BE-7E95B2BF1C0C}.Release|Any CPU.ActiveCfg = Release|Any CPU
		{77609CE3-81F3-4B14-85BE-7E95B2BF1C0C}.Release|Any CPU.Build.0 = Release|Any CPU
	EndGlobalSection
	GlobalSection(SolutionProperties) = preSolution
		HideSolutionNode = FALSE
	EndGlobalSection
EndGlobal
